
Microsoft Visual Studio Solution File, Format Version 12.00
# Visual Studio Version 17
VisualStudioVersion = 17.5.33502.453
MinimumVisualStudioVersion = 10.0.40219.1
Project("{FAE04EC0-301F-11D3-BF4B-00C04F79EFBC}") = "ExpDataSet2ExcelAnt", "ExpDataSet2ExcelAnt.csproj", "{AEC6E7E4-F0E4-4443-9B07-4857ED3A458B}"
EndProject
Project("{FAE04EC0-301F-11D3-BF4B-00C04F79EFBC}") = "ExpDataSet2Excel", "..\ExpDataSet2Excel\ExpDataSet2Excel.csproj", "{C76F13C5-D976-4EE7-9FC7-932E4AF63763}"
EndProject
Global
	GlobalSection(SolutionConfigurationPlatforms) = preSolution
		Debug|Any CPU = Debug|Any CPU
		Release|Any CPU = Release|Any CPU
	EndGlobalSection
	GlobalSection(ProjectConfigurationPlatforms) = postSolution
		{AEC6E7E4-F0E4-4443-9B07-4857ED3A458B}.Debug|Any CPU.ActiveCfg = Debug|Any CPU
		{AEC6E7E4-F0E4-4443-9B07-4857ED3A458B}.Debug|Any CPU.Build.0 = Debug|Any CPU
		{AEC6E7E4-F0E4-4443-9B07-4857ED3A458B}.Release|Any CPU.ActiveCfg = Release|Any CPU
		{AEC6E7E4-F0E4-4443-9B07-4857ED3A458B}.Release|Any CPU.Build.0 = Release|Any CPU
		{C76F13C5-D976-4EE7-9FC7-932E4AF63763}.Debug|Any CPU.ActiveCfg = Debug|Any CPU
		{C76F13C5-D976-4EE7-9FC7-932E4AF63763}.Debug|Any CPU.Build.0 = Debug|Any CPU
		{C76F13C5-D976-4EE7-9FC7-932E4AF63763}.Release|Any CPU.ActiveCfg = Release|Any CPU
		{C76F13C5-D976-4EE7-9FC7-932E4AF63763}.Release|Any CPU.Build.0 = Release|Any CPU
	EndGlobalSection
	GlobalSection(SolutionProperties) = preSolution
		HideSolutionNode = FALSE
	EndGlobalSection
	GlobalSection(ExtensibilityGlobals) = postSolution
		SolutionGuid = {CF438FFC-20A5-4718-AC14-001F50C38746}
	EndGlobalSection
EndGlobal
